
Microsoft Visual Studio Solution File, Format Version 12.00
# Visual Studio Version 17
VisualStudioVersion = 17.3.32929.385
MinimumVisualStudioVersion = 10.0.40219.1
Project("{9A19103F-16F7-4668-BE54-9A1E7A4F7556}") = "ExampleWebApiCore", "ExampleWebApiCore\ExampleWebApiCore.csproj", "{C3A4C139-7F69-4A88-A3B0-219D8BD7FFA1}"
EndProject
Project("{9A19103F-16F7-4668-BE54-9A1E7A4F7556}") = "ExampleWebApiCore.Test", "ExampleWebApiCore.Test\ExampleWebApiCore.Test.csproj", "{63577293-A699-4C94-A9A3-CE499D895AE7}"
EndProject
Project("{FAE04EC0-301F-11D3-BF4B-00C04F79EFBC}") = "ExampleWebApiCore.Core", "ExampleWebApiCore.Core\ExampleWebApiCore.Core.csproj", "{615625F8-065D-4CF7-B81D-B9CC0479D01B}"
EndProject
Project("{FAE04EC0-301F-11D3-BF4B-00C04F79EFBC}") = "ExampleWebApiCore.DataLayer", "ExampleWebApiCore.DataLayer\ExampleWebApiCore.DataLayer.csproj", "{03AA3FF0-34C4-413E-B52E-DC1DA521AD24}"
EndProject
Global
	GlobalSection(SolutionConfigurationPlatforms) = preSolution
		Debug|Any CPU = Debug|Any CPU
		Release|Any CPU = Release|Any CPU
	EndGlobalSection
	GlobalSection(ProjectConfigurationPlatforms) = postSolution
		{C3A4C139-7F69-4A88-A3B0-219D8BD7FFA1}.Debug|Any CPU.ActiveCfg = Debug|Any CPU
		{C3A4C139-7F69-4A88-A3B0-219D8BD7FFA1}.Debug|Any CPU.Build.0 = Debug|Any CPU
		{C3A4C139-7F69-4A88-A3B0-219D8BD7FFA1}.Release|Any CPU.ActiveCfg = Release|Any CPU
		{C3A4C139-7F69-4A88-A3B0-219D8BD7FFA1}.Release|Any CPU.Build.0 = Release|Any CPU
		{63577293-A699-4C94-A9A3-CE499D895AE7}.Debug|Any CPU.ActiveCfg = Debug|Any CPU
		{63577293-A699-4C94-A9A3-CE499D895AE7}.Debug|Any CPU.Build.0 = Debug|Any CPU
		{63577293-A699-4C94-A9A3-CE499D895AE7}.Release|Any CPU.ActiveCfg = Release|Any CPU
		{63577293-A699-4C94-A9A3-CE499D895AE7}.Release|Any CPU.Build.0 = Release|Any CPU
		{615625F8-065D-4CF7-B81D-B9CC0479D01B}.Debug|Any CPU.ActiveCfg = Debug|Any CPU
		{615625F8-065D-4CF7-B81D-B9CC0479D01B}.Debug|Any CPU.Build.0 = Debug|Any CPU
		{615625F8-065D-4CF7-B81D-B9CC0479D01B}.Release|Any CPU.ActiveCfg = Release|Any CPU
		{615625F8-065D-4CF7-B81D-B9CC0479D01B}.Release|Any CPU.Build.0 = Release|Any CPU
		{03AA3FF0-34C4-413E-B52E-DC1DA521AD24}.Debug|Any CPU.ActiveCfg = Debug|Any CPU
		{03AA3FF0-34C4-413E-B52E-DC1DA521AD24}.Debug|Any CPU.Build.0 = Debug|Any CPU
		{03AA3FF0-34C4-413E-B52E-DC1DA521AD24}.Release|Any CPU.ActiveCfg = Release|Any CPU
		{03AA3FF0-34C4-413E-B52E-DC1DA521AD24}.Release|Any CPU.Build.0 = Release|Any CPU
	EndGlobalSection
	GlobalSection(SolutionProperties) = preSolution
		HideSolutionNode = FALSE
	EndGlobalSection
	GlobalSection(ExtensibilityGlobals) = postSolution
		SolutionGuid = {828994BE-A389-4FC7-BC82-2D4B86C08B5F}
	EndGlobalSection
EndGlobal
